{
  "name": "next-train",
  "version": "1.0.0",
  "lockfileVersion": 1,
  "requires": true,
  "dependencies": {
    "@google/maps": {
      "version": "0.4.3",
      "resolved": "https://registry.npmjs.org/@google/maps/-/maps-0.4.3.tgz",
      "integrity": "sha1-tGiWERTW4HScFYAuDaFJ3Ooig6U="
    },
    "moment": {
      "version": "2.18.1",
      "resolved": "https://registry.npmjs.org/moment/-/moment-2.18.1.tgz",
      "integrity": "sha1-w2GT3Tzhwu7SrbfIAtu8d6gbHA8="
    }
  }
}
